// !$*UTF8*$!
{
	archiveVersion = 1;
	classes = {
	};
	objectVersion = 50;
	objects = {

/* Begin PBXBuildFile section */
		5308565823E5FF4C008A22A0 /* MiddRidesTests.xctest in Resources */ = {isa = PBXBuildFile; fileRef = 538473B123E14BCE006D1AC2 /* MiddRidesTests.xctest */; };
		5308565923E5FF4F008A22A0 /* MiddRidesUITests.xctest in Resources */ = {isa = PBXBuildFile; fileRef = 538473BC23E14BCE006D1AC2 /* MiddRidesUITests.xctest */; };
		5308565A23E5FF53008A22A0 /* MiddRides.app in Resources */ = {isa = PBXBuildFile; fileRef = 5384739B23E14BCA006D1AC2 /* MiddRides.app */; };
		5384739F23E14BCA006D1AC2 /* AppDelegate.swift in Sources */ = {isa = PBXBuildFile; fileRef = 5384739E23E14BCA006D1AC2 /* AppDelegate.swift */; };
		538473A123E14BCA006D1AC2 /* SceneDelegate.swift in Sources */ = {isa = PBXBuildFile; fileRef = 538473A023E14BCA006D1AC2 /* SceneDelegate.swift */; };
		538473A323E14BCA006D1AC2 /* ContentView.swift in Sources */ = {isa = PBXBuildFile; fileRef = 538473A223E14BCA006D1AC2 /* ContentView.swift */; };
		538473A523E14BCE006D1AC2 /* Assets.xcassets in Resources */ = {isa = PBXBuildFile; fileRef = 538473A423E14BCE006D1AC2 /* Assets.xcassets */; };
		538473A823E14BCE006D1AC2 /* Preview Assets.xcassets in Resources */ = {isa = PBXBuildFile; fileRef = 538473A723E14BCE006D1AC2 /* Preview Assets.xcassets */; };
		538473AB23E14BCE006D1AC2 /* LaunchScreen.storyboard in Resources */ = {isa = PBXBuildFile; fileRef = 538473A923E14BCE006D1AC2 /* LaunchScreen.storyboard */; };
		538473B623E14BCE006D1AC2 /* MiddRidesTests.swift in Sources */ = {isa = PBXBuildFile; fileRef = 538473B523E14BCE006D1AC2 /* MiddRidesTests.swift */; };
		538473C123E14BCE006D1AC2 /* MiddRidesUITests.swift in Sources */ = {isa = PBXBuildFile; fileRef = 538473C023E14BCE006D1AC2 /* MiddRidesUITests.swift */; };
/* End PBXBuildFile section */

/* Begin PBXContainerItemProxy section */
		538473B223E14BCE006D1AC2 /* PBXContainerItemProxy */ = {
			isa = PBXContainerItemProxy;
			containerPortal = 5384739323E14BCA006D1AC2 /* Project object */;
			proxyType = 1;
			remoteGlobalIDString = 5384739A23E14BCA006D1AC2;
			remoteInfo = MiddRides;
		};
		538473BD23E14BCE006D1AC2 /* PBXContainerItemProxy */ = {
			isa = PBXContainerItemProxy;
			containerPortal = 5384739323E14BCA006D1AC2 /* Project object */;
			proxyType = 1;
			remoteGlobalIDString = 5384739A23E14BCA006D1AC2;
			remoteInfo = MiddRides;
		};
/* End PBXContainerItemProxy section */

/* Begin PBXFileReference section */
		5384739B23E14BCA006D1AC2 /* MiddRides.app */ = {isa = PBXFileReference; explicitFileType = wrapper.application; includeInIndex = 0; path = MiddRides.app; sourceTree = BUILT_PRODUCTS_DIR; };
		5384739E23E14BCA006D1AC2 /* AppDelegate.swift */ = {isa = PBXFileReference; lastKnownFileType = sourcecode.swift; path = AppDelegate.swift; sourceTree = "<group>"; };
		538473A023E14BCA006D1AC2 /* SceneDelegate.swift */ = {isa = PBXFileReference; lastKnownFileType = sourcecode.swift; path = SceneDelegate.swift; sourceTree = "<group>"; };
		538473A223E14BCA006D1AC2 /* ContentView.swift */ = {isa = PBXFileReference; lastKnownFileType = sourcecode.swift; path = ContentView.swift; sourceTree = "<group>"; };
		538473A423E14BCE006D1AC2 /* Assets.xcassets */ = {isa = PBXFileReference; lastKnownFileType = folder.assetcatalog; path = Assets.xcassets; sourceTree = "<group>"; };
		538473A723E14BCE006D1AC2 /* Preview Assets.xcassets */ = {isa = PBXFileReference; lastKnownFileType = folder.assetcatalog; path = "Preview Assets.xcassets"; sourceTree = "<group>"; };
		538473AA23E14BCE006D1AC2 /* Base */ = {isa = PBXFileReference; lastKnownFileType = file.storyboard; name = Base; path = Base.lproj/LaunchScreen.storyboard; sourceTree = "<group>"; };
		538473AC23E14BCE006D1AC2 /* Info.plist */ = {isa = PBXFileReference; lastKnownFileType = text.plist.xml; path = Info.plist; sourceTree = "<group>"; };
		538473B123E14BCE006D1AC2 /* MiddRidesTests.xctest */ = {isa = PBXFileReference; explicitFileType = wrapper.cfbundle; includeInIndex = 0; path = MiddRidesTests.xctest; sourceTree = BUILT_PRODUCTS_DIR; };
		538473B523E14BCE006D1AC2 /* MiddRidesTests.swift */ = {isa = PBXFileReference; lastKnownFileType = sourcecode.swift; path = MiddRidesTests.swift; sourceTree = "<group>"; };
		538473B723E14BCE006D1AC2 /* Info.plist */ = {isa = PBXFileReference; lastKnownFileType = text.plist.xml; path = Info.plist; sourceTree = "<group>"; };
		538473BC23E14BCE006D1AC2 /* MiddRidesUITests.xctest */ = {isa = PBXFileReference; explicitFileType = wrapper.cfbundle; includeInIndex = 0; path = MiddRidesUITests.xctest; sourceTree = BUILT_PRODUCTS_DIR; };
		538473C023E14BCE006D1AC2 /* MiddRidesUITests.swift */ = {isa = PBXFileReference; lastKnownFileType = sourcecode.swift; path = MiddRidesUITests.swift; sourceTree = "<group>"; };
		538473C223E14BCE006D1AC2 /* Info.plist */ = {isa = PBXFileReference; lastKnownFileType = text.plist.xml; path = Info.plist; sourceTree = "<group>"; };
/* End PBXFileReference section */

/* Begin PBXFrameworksBuildPhase section */
		5384739823E14BCA006D1AC2 /* Frameworks */ = {
			isa = PBXFrameworksBuildPhase;
			buildActionMask = 2147483647;
			files = (
			);
			runOnlyForDeploymentPostprocessing = 0;
		};
		538473AE23E14BCE006D1AC2 /* Frameworks */ = {
			isa = PBXFrameworksBuildPhase;
			buildActionMask = 2147483647;
			files = (
			);
			runOnlyForDeploymentPostprocessing = 0;
		};
		538473B923E14BCE006D1AC2 /* Frameworks */ = {
			isa = PBXFrameworksBuildPhase;
			buildActionMask = 2147483647;
			files = (
			);
			runOnlyForDeploymentPostprocessing = 0;
		};
/* End PBXFrameworksBuildPhase section */

/* Begin PBXGroup section */
		5384739223E14BCA006D1AC2 = {
			isa = PBXGroup;
			children = (
				5384739D23E14BCA006D1AC2 /* MiddRides */,
				538473B423E14BCE006D1AC2 /* MiddRidesTests */,
				538473BF23E14BCE006D1AC2 /* MiddRidesUITests */,
				5384739C23E14BCA006D1AC2 /* Products */,
			);
			sourceTree = "<group>";
		};
		5384739C23E14BCA006D1AC2 /* Products */ = {
			isa = PBXGroup;
			children = (
				5384739B23E14BCA006D1AC2 /* MiddRides.app */,
				538473B123E14BCE006D1AC2 /* MiddRidesTests.xctest */,
				538473BC23E14BCE006D1AC2 /* MiddRidesUITests.xctest */,
			);
			name = Products;
			sourceTree = "<group>";
		};
		5384739D23E14BCA006D1AC2 /* MiddRides */ = {
			isa = PBXGroup;
			children = (
				5384739E23E14BCA006D1AC2 /* AppDelegate.swift */,
				538473A023E14BCA006D1AC2 /* SceneDelegate.swift */,
				538473A223E14BCA006D1AC2 /* ContentView.swift */,
				538473A423E14BCE006D1AC2 /* Assets.xcassets */,
				538473A923E14BCE006D1AC2 /* LaunchScreen.storyboard */,
				538473AC23E14BCE006D1AC2 /* Info.plist */,
				538473A623E14BCE006D1AC2 /* Preview Content */,
			);
			path = MiddRides;
			sourceTree = "<group>";
		};
		538473A623E14BCE006D1AC2 /* Preview Content */ = {
			isa = PBXGroup;
			children = (
				538473A723E14BCE006D1AC2 /* Preview Assets.xcassets */,
			);
			path = "Preview Content";
			sourceTree = "<group>";
		};
		538473B423E14BCE006D1AC2 /* MiddRidesTests */ = {
			isa = PBXGroup;
			children = (
				538473B523E14BCE006D1AC2 /* MiddRidesTests.swift */,
				538473B723E14BCE006D1AC2 /* Info.plist */,
			);
			path = MiddRidesTests;
			sourceTree = "<group>";
		};
		538473BF23E14BCE006D1AC2 /* MiddRidesUITests */ = {
			isa = PBXGroup;
			children = (
				538473C023E14BCE006D1AC2 /* MiddRidesUITests.swift */,
				538473C223E14BCE006D1AC2 /* Info.plist */,
			);
			path = MiddRidesUITests;
			sourceTree = "<group>";
		};
/* End PBXGroup section */

/* Begin PBXNativeTarget section */
		5384739A23E14BCA006D1AC2 /* MiddRides */ = {
			isa = PBXNativeTarget;
			buildConfigurationList = 538473C523E14BCE006D1AC2 /* Build configuration list for PBXNativeTarget "MiddRides" */;
			buildPhases = (
				5384739723E14BCA006D1AC2 /* Sources */,
				5384739823E14BCA006D1AC2 /* Frameworks */,
				5384739923E14BCA006D1AC2 /* Resources */,
			);
			buildRules = (
			);
			dependencies = (
			);
			name = MiddRides;
			productName = MiddRides;
			productReference = 5384739B23E14BCA006D1AC2 /* MiddRides.app */;
			productType = "com.apple.product-type.application";
		};
		538473B023E14BCE006D1AC2 /* MiddRidesTests */ = {
			isa = PBXNativeTarget;
			buildConfigurationList = 538473C823E14BCE006D1AC2 /* Build configuration list for PBXNativeTarget "MiddRidesTests" */;
			buildPhases = (
				538473AD23E14BCE006D1AC2 /* Sources */,
				538473AE23E14BCE006D1AC2 /* Frameworks */,
				538473AF23E14BCE006D1AC2 /* Resources */,
			);
			buildRules = (
			);
			dependencies = (
				538473B323E14BCE006D1AC2 /* PBXTargetDependency */,
			);
			name = MiddRidesTests;
			productName = MiddRidesTests;
			productReference = 538473B123E14BCE006D1AC2 /* MiddRidesTests.xctest */;
			productType = "com.apple.product-type.bundle.unit-test";
		};
		538473BB23E14BCE006D1AC2 /* MiddRidesUITests */ = {
			isa = PBXNativeTarget;
			buildConfigurationList = 538473CB23E14BCE006D1AC2 /* Build configuration list for PBXNativeTarget "MiddRidesUITests" */;
			buildPhases = (
				538473B823E14BCE006D1AC2 /* Sources */,
				538473B923E14BCE006D1AC2 /* Frameworks */,
				538473BA23E14BCE006D1AC2 /* Resources */,
			);
			buildRules = (
			);
			dependencies = (
				538473BE23E14BCE006D1AC2 /* PBXTargetDependency */,
			);
			name = MiddRidesUITests;
			productName = MiddRidesUITests;
			productReference = 538473BC23E14BCE006D1AC2 /* MiddRidesUITests.xctest */;
			productType = "com.apple.product-type.bundle.ui-testing";
		};
/* End PBXNativeTarget section */

/* Begin PBXProject section */
		5384739323E14BCA006D1AC2 /* Project object */ = {
			isa = PBXProject;
			attributes = {
				LastSwiftUpdateCheck = 1130;
				LastUpgradeCheck = 1130;
				ORGANIZATIONNAME = "SGA Technology";
				TargetAttributes = {
					5384739A23E14BCA006D1AC2 = {
						CreatedOnToolsVersion = 11.3;
					};
					538473B023E14BCE006D1AC2 = {
						CreatedOnToolsVersion = 11.3;
						TestTargetID = 5384739A23E14BCA006D1AC2;
					};
					538473BB23E14BCE006D1AC2 = {
						CreatedOnToolsVersion = 11.3;
						TestTargetID = 5384739A23E14BCA006D1AC2;
					};
				};
			};
			buildConfigurationList = 5384739623E14BCA006D1AC2 /* Build configuration list for PBXProject "MiddRides" */;
			compatibilityVersion = "Xcode 9.3";
			developmentRegion = en;
			hasScannedForEncodings = 0;
			knownRegions = (
				en,
				Base,
			);
			mainGroup = 5384739223E14BCA006D1AC2;
			productRefGroup = 5384739C23E14BCA006D1AC2 /* Products */;
			projectDirPath = "";
			projectRoot = "";
			targets = (
				5384739A23E14BCA006D1AC2 /* MiddRides */,
				538473B023E14BCE006D1AC2 /* MiddRidesTests */,
				538473BB23E14BCE006D1AC2 /* MiddRidesUITests */,
			);
		};
/* End PBXProject section */

/* Begin PBXResourcesBuildPhase section */
		5384739923E14BCA006D1AC2 /* Resources */ = {
			isa = PBXResourcesBuildPhase;
			buildActionMask = 2147483647;
			files = (
				538473AB23E14BCE006D1AC2 /* LaunchScreen.storyboard in Resources */,
				538473A823E14BCE006D1AC2 /* Preview Assets.xcassets in Resources */,
				5308565923E5FF4F008A22A0 /* MiddRidesUITests.xctest in Resources */,
				5308565A23E5FF53008A22A0 /* MiddRides.app in Resources */,
				5308565823E5FF4C008A22A0 /* MiddRidesTests.xctest in Resources */,
				538473A523E14BCE006D1AC2 /* Assets.xcassets in Resources */,
			);
			runOnlyForDeploymentPostprocessing = 0;
		};
		538473AF23E14BCE006D1AC2 /* Resources */ = {
			isa = PBXResourcesBuildPhase;
			buildActionMask = 2147483647;
			files = (
			);
			runOnlyForDeploymentPostprocessing = 0;
		};
		538473BA23E14BCE006D1AC2 /* Resources */ = {
			isa = PBXResourcesBuildPhase;
			buildActionMask = 2147483647;
			files = (
			);
			runOnlyForDeploymentPostprocessing = 0;
		};
/* End PBXResourcesBuildPhase section */

/* Begin PBXSourcesBuildPhase section */
		5384739723E14BCA006D1AC2 /* Sources */ = {
			isa = PBXSourcesBuildPhase;
			buildActionMask = 2147483647;
			files = (
				5384739F23E14BCA006D1AC2 /* AppDelegate.swift in Sources */,
				538473A123E14BCA006D1AC2 /* SceneDelegate.swift in Sources */,
				538473A323E14BCA006D1AC2 /* ContentView.swift in Sources */,
			);
			runOnlyForDeploymentPostprocessing = 0;
		};
		538473AD23E14BCE006D1AC2 /* Sources */ = {
			isa = PBXSourcesBuildPhase;
			buildActionMask = 2147483647;
			files = (
				538473B623E14BCE006D1AC2 /* MiddRidesTests.swift in Sources */,
			);
			runOnlyForDeploymentPostprocessing = 0;
		};
		538473B823E14BCE006D1AC2 /* Sources */ = {
			isa = PBXSourcesBuildPhase;
			buildActionMask = 2147483647;
			files = (
				538473C123E14BCE006D1AC2 /* MiddRidesUITests.swift in Sources */,
			);
			runOnlyForDeploymentPostprocessing = 0;
		};
/* End PBXSourcesBuildPhase section */

/* Begin PBXTargetDependency section */
		538473B323E14BCE006D1AC2 /* PBXTargetDependency */ = {
			isa = PBXTargetDependency;
			target = 5384739A23E14BCA006D1AC2 /* MiddRides */;
			targetProxy = 538473B223E14BCE006D1AC2 /* PBXContainerItemProxy */;
		};
		538473BE23E14BCE006D1AC2 /* PBXTargetDependency */ = {
			isa = PBXTargetDependency;
			target = 5384739A23E14BCA006D1AC2 /* MiddRides */;
			targetProxy = 538473BD23E14BCE006D1AC2 /* PBXContainerItemProxy */;
		};
/* End PBXTargetDependency section */

/* Begin PBXVariantGroup section */
		538473A923E14BCE006D1AC2 /* LaunchScreen.storyboard */ = {
			isa = PBXVariantGroup;
			children = (
				538473AA23E14BCE006D1AC2 /* Base */,
			);
			name = LaunchScreen.storyboard;
			sourceTree = "<group>";
			usesTabs = 0;
		};
/* End PBXVariantGroup section */

/* Begin XCBuildConfiguration section */
		538473C323E14BCE006D1AC2 /* Debug */ = {
			isa = XCBuildConfiguration;
			buildSettings = {
				ALWAYS_SEARCH_USER_PATHS = NO;
				CLANG_ANALYZER_NONNULL = YES;
				CLANG_ANALYZER_NUMBER_OBJECT_CONVERSION = YES_AGGRESSIVE;
				CLANG_CXX_LANGUAGE_STANDARD = "gnu++14";
				CLANG_CXX_LIBRARY = "libc++";
				CLANG_ENABLE_MODULES = YES;
				CLANG_ENABLE_OBJC_ARC = YES;
				CLANG_ENABLE_OBJC_WEAK = YES;
				CLANG_WARN_BLOCK_CAPTURE_AUTORELEASING = YES;
				CLANG_WARN_BOOL_CONVERSION = YES;
				CLANG_WARN_COMMA = YES;
				CLANG_WARN_CONSTANT_CONVERSION = YES;
				CLANG_WARN_DEPRECATED_OBJC_IMPLEMENTATIONS = YES;
				CLANG_WARN_DIRECT_OBJC_ISA_USAGE = YES_ERROR;
				CLANG_WARN_DOCUMENTATION_COMMENTS = YES;
				CLANG_WARN_EMPTY_BODY = YES;
				CLANG_WARN_ENUM_CONVERSION = YES;
				CLANG_WARN_INFINITE_RECURSION = YES;
				CLANG_WARN_INT_CONVERSION = YES;
				CLANG_WARN_NON_LITERAL_NULL_CONVERSION = YES;
				CLANG_WARN_OBJC_IMPLICIT_RETAIN_SELF = YES;
				CLANG_WARN_OBJC_LITERAL_CONVERSION = YES;
				CLANG_WARN_OBJC_ROOT_CLASS = YES_ERROR;
				CLANG_WARN_RANGE_LOOP_ANALYSIS = YES;
				CLANG_WARN_STRICT_PROTOTYPES = YES;
				CLANG_WARN_SUSPICIOUS_MOVE = YES;
				CLANG_WARN_UNGUARDED_AVAILABILITY = YES_AGGRESSIVE;
				CLANG_WARN_UNREACHABLE_CODE = YES;
				CLANG_WARN__DUPLICATE_METHOD_MATCH = YES;
				COPY_PHASE_STRIP = NO;
				DEBUG_INFORMATION_FORMAT = dwarf;
				ENABLE_STRICT_OBJC_MSGSEND = YES;
				ENABLE_TESTABILITY = YES;
				GCC_C_LANGUAGE_STANDARD = gnu11;
				GCC_DYNAMIC_NO_PIC = NO;
				GCC_NO_COMMON_BLOCKS = YES;
				GCC_OPTIMIZATION_LEVEL = 0;
				GCC_PREPROCESSOR_DEFINITIONS = (
					"DEBUG=1",
					"$(inherited)",
				);
				GCC_WARN_64_TO_32_BIT_CONVERSION = YES;
				GCC_WARN_ABOUT_RETURN_TYPE = YES_ERROR;
				GCC_WARN_UNDECLARED_SELECTOR = YES;
				GCC_WARN_UNINITIALIZED_AUTOS = YES_AGGRESSIVE;
				GCC_WARN_UNUSED_FUNCTION = YES;
				GCC_WARN_UNUSED_VARIABLE = YES;
				IPHONEOS_DEPLOYMENT_TARGET = 13.2;
				MTL_ENABLE_DEBUG_INFO = INCLUDE_SOURCE;
				MTL_FAST_MATH = YES;
				ONLY_ACTIVE_ARCH = YES;
				SDKROOT = iphoneos;
				SWIFT_ACTIVE_COMPILATION_CONDITIONS = DEBUG;
				SWIFT_OPTIMIZATION_LEVEL = "-Onone";
			};
			name = Debug;
		};
		538473C423E14BCE006D1AC2 /* Release */ = {
			isa = XCBuildConfiguration;
			buildSettings = {
				ALWAYS_SEARCH_USER_PATHS = NO;
				CLANG_ANALYZER_NONNULL = YES;
				CLANG_ANALYZER_NUMBER_OBJECT_CONVERSION = YES_AGGRESSIVE;
				CLANG_CXX_LANGUAGE_STANDARD = "gnu++14";
				CLANG_CXX_LIBRARY = "libc++";
				CLANG_ENABLE_MODULES = YES;
				CLANG_ENABLE_OBJC_ARC = YES;
				CLANG_ENABLE_OBJC_WEAK = YES;
				CLANG_WARN_BLOCK_CAPTURE_AUTORELEASING = YES;
				CLANG_WARN_BOOL_CONVERSION = YES;
				CLANG_WARN_COMMA = YES;
				CLANG_WARN_CONSTANT_CONVERSION = YES;
				CLANG_WARN_DEPRECATED_OBJC_IMPLEMENTATIONS = YES;
				CLANG_WARN_DIRECT_OBJC_ISA_USAGE = YES_ERROR;
				CLANG_WARN_DOCUMENTATION_COMMENTS = YES;
				CLANG_WARN_EMPTY_BODY = YES;
				CLANG_WARN_ENUM_CONVERSION = YES;
				CLANG_WARN_INFINITE_RECURSION = YES;
				CLANG_WARN_INT_CONVERSION = YES;
				CLANG_WARN_NON_LITERAL_NULL_CONVERSION = YES;
				CLANG_WARN_OBJC_IMPLICIT_RETAIN_SELF = YES;
				CLANG_WARN_OBJC_LITERAL_CONVERSION = YES;
				CLANG_WARN_OBJC_ROOT_CLASS = YES_ERROR;
				CLANG_WARN_RANGE_LOOP_ANALYSIS = YES;
				CLANG_WARN_STRICT_PROTOTYPES = YES;
				CLANG_WARN_SUSPICIOUS_MOVE = YES;
				CLANG_WARN_UNGUARDED_AVAILABILITY = YES_AGGRESSIVE;
				CLANG_WARN_UNREACHABLE_CODE = YES;
				CLANG_WARN__DUPLICATE_METHOD_MATCH = YES;
				COPY_PHASE_STRIP = NO;
				DEBUG_INFORMATION_FORMAT = "dwarf-with-dsym";
				ENABLE_NS_ASSERTIONS = NO;
				ENABLE_STRICT_OBJC_MSGSEND = YES;
				GCC_C_LANGUAGE_STANDARD = gnu11;
				GCC_NO_COMMON_BLOCKS = YES;
				GCC_WARN_64_TO_32_BIT_CONVERSION = YES;
				GCC_WARN_ABOUT_RETURN_TYPE = YES_ERROR;
				GCC_WARN_UNDECLARED_SELECTOR = YES;
				GCC_WARN_UNINITIALIZED_AUTOS = YES_AGGRESSIVE;
				GCC_WARN_UNUSED_FUNCTION = YES;
				GCC_WARN_UNUSED_VARIABLE = YES;
				IPHONEOS_DEPLOYMENT_TARGET = 13.2;
				MTL_ENABLE_DEBUG_INFO = NO;
				MTL_FAST_MATH = YES;
				SDKROOT = iphoneos;
				SWIFT_COMPILATION_MODE = wholemodule;
				SWIFT_OPTIMIZATION_LEVEL = "-O";
				VALIDATE_PRODUCT = YES;
			};
			name = Release;
		};
		538473C623E14BCE006D1AC2 /* Debug */ = {
			isa = XCBuildConfiguration;
			buildSettings = {
				ASSETCATALOG_COMPILER_APPICON_NAME = AppIcon;
				CODE_SIGN_STYLE = Automatic;
				DEVELOPMENT_ASSET_PATHS = "\"MiddRides/Preview Content\"";
				ENABLE_PREVIEWS = YES;
				INFOPLIST_FILE = MiddRides/Info.plist;
				LD_RUNPATH_SEARCH_PATHS = (
					"$(inherited)",
					"@executable_path/Frameworks",
				);
				PRODUCT_BUNDLE_IDENTIFIER = App.MiddRides;
				PRODUCT_NAME = "$(TARGET_NAME)";
				SWIFT_VERSION = 5.0;
				TARGETED_DEVICE_FAMILY = "1,2";
			};
			name = Debug;
		};
		538473C723E14BCE006D1AC2 /* Release */ = {
			isa = XCBuildConfiguration;
			buildSettings = {
				ASSETCATALOG_COMPILER_APPICON_NAME = AppIcon;
				CODE_SIGN_STYLE = Automatic;
				DEVELOPMENT_ASSET_PATHS = "\"MiddRides/Preview Content\"";
				ENABLE_PREVIEWS = YES;
				INFOPLIST_FILE = MiddRides/Info.plist;
				LD_RUNPATH_SEARCH_PATHS = (
					"$(inherited)",
					"@executable_path/Frameworks",
				);
				PRODUCT_BUNDLE_IDENTIFIER = App.MiddRides;
				PRODUCT_NAME = "$(TARGET_NAME)";
				SWIFT_VERSION = 5.0;
				TARGETED_DEVICE_FAMILY = "1,2";
			};
			name = Release;
		};
		538473C923E14BCE006D1AC2 /* Debug */ = {
			isa = XCBuildConfiguration;
			buildSettings = {
				ALWAYS_EMBED_SWIFT_STANDARD_LIBRARIES = YES;
				BUNDLE_LOADER = "$(TEST_HOST)";
				CODE_SIGN_STYLE = Automatic;
				INFOPLIST_FILE = MiddRidesTests/Info.plist;
				IPHONEOS_DEPLOYMENT_TARGET = 13.2;
				LD_RUNPATH_SEARCH_PATHS = (
					"$(inherited)",
					"@executable_path/Frameworks",
					"@loader_path/Frameworks",
				);
				PRODUCT_BUNDLE_IDENTIFIER = App.MiddRidesTests;
				PRODUCT_NAME = "$(TARGET_NAME)";
				SWIFT_VERSION = 5.0;
				TARGETED_DEVICE_FAMILY = "1,2";
				TEST_HOST = "$(BUILT_PRODUCTS_DIR)/MiddRides.app/MiddRides";
			};
			name = Debug;
		};
		538473CA23E14BCE006D1AC2 /* Release */ = {
			isa = XCBuildConfiguration;
			buildSettings = {
				ALWAYS_EMBED_SWIFT_STANDARD_LIBRARIES = YES;
				BUNDLE_LOADER = "$(TEST_HOST)";
				CODE_SIGN_STYLE = Automatic;
				INFOPLIST_FILE = MiddRidesTests/Info.plist;
				IPHONEOS_DEPLOYMENT_TARGET = 13.2;
				LD_RUNPATH_SEARCH_PATHS = (
					"$(inherited)",
					"@executable_path/Frameworks",
					"@loader_path/Frameworks",
				);
				PRODUCT_BUNDLE_IDENTIFIER = App.MiddRidesTests;
				PRODUCT_NAME = "$(TARGET_NAME)";
				SWIFT_VERSION = 5.0;
				TARGETED_DEVICE_FAMILY = "1,2";
				TEST_HOST = "$(BUILT_PRODUCTS_DIR)/MiddRides.app/MiddRides";
			};
			name = Release;
		};
		538473CC23E14BCE006D1AC2 /* Debug */ = {
			isa = XCBuildConfiguration;
			buildSettings = {
				ALWAYS_EMBED_SWIFT_STANDARD_LIBRARIES = YES;
				CODE_SIGN_STYLE = Automatic;
				INFOPLIST_FILE = MiddRidesUITests/Info.plist;
				LD_RUNPATH_SEARCH_PATHS = (
					"$(inherited)",
					"@executable_path/Frameworks",
					"@loader_path/Frameworks",
				);
				PRODUCT_BUNDLE_IDENTIFIER = App.MiddRidesUITests;
				PRODUCT_NAME = "$(TARGET_NAME)";
				SWIFT_VERSION = 5.0;
				TARGETED_DEVICE_FAMILY = "1,2";
				TEST_TARGET_NAME = MiddRides;
			};
			name = Debug;
		};
		538473CD23E14BCE006D1AC2 /* Release */ = {
			isa = XCBuildConfiguration;
			buildSettings = {
				ALWAYS_EMBED_SWIFT_STANDARD_LIBRARIES = YES;
				CODE_SIGN_STYLE = Automatic;
				INFOPLIST_FILE = MiddRidesUITests/Info.plist;
				LD_RUNPATH_SEARCH_PATHS = (
					"$(inherited)",
					"@executable_path/Frameworks",
					"@loader_path/Frameworks",
				);
				PRODUCT_BUNDLE_IDENTIFIER = App.MiddRidesUITests;
				PRODUCT_NAME = "$(TARGET_NAME)";
				SWIFT_VERSION = 5.0;
				TARGETED_DEVICE_FAMILY = "1,2";
				TEST_TARGET_NAME = MiddRides;
			};
			name = Release;
		};
/* End XCBuildConfiguration section */

/* Begin XCConfigurationList section */
		5384739623E14BCA006D1AC2 /* Build configuration list for PBXProject "MiddRides" */ = {
			isa = XCConfigurationList;
			buildConfigurations = (
				538473C323E14BCE006D1AC2 /* Debug */,
				538473C423E14BCE006D1AC2 /* Release */,
			);
			defaultConfigurationIsVisible = 0;
			defaultConfigurationName = Release;
		};
		538473C523E14BCE006D1AC2 /* Build configuration list for PBXNativeTarget "MiddRides" */ = {
			isa = XCConfigurationList;
			buildConfigurations = (
				538473C623E14BCE006D1AC2 /* Debug */,
				538473C723E14BCE006D1AC2 /* Release */,
			);
			defaultConfigurationIsVisible = 0;
			defaultConfigurationName = Release;
		};
		538473C823E14BCE006D1AC2 /* Build configuration list for PBXNativeTarget "MiddRidesTests" */ = {
			isa = XCConfigurationList;
			buildConfigurations = (
				538473C923E14BCE006D1AC2 /* Debug */,
				538473CA23E14BCE006D1AC2 /* Release */,
			);
			defaultConfigurationIsVisible = 0;
			defaultConfigurationName = Release;
		};
		538473CB23E14BCE006D1AC2 /* Build configuration list for PBXNativeTarget "MiddRidesUITests" */ = {
			isa = XCConfigurationList;
			buildConfigurations = (
				538473CC23E14BCE006D1AC2 /* Debug */,
				538473CD23E14BCE006D1AC2 /* Release */,
			);
			defaultConfigurationIsVisible = 0;
			defaultConfigurationName = Release;
		};
/* End XCConfigurationList section */
	};
	rootObject = 5384739323E14BCA006D1AC2 /* Project object */;
}
