// !$*UTF8*$!
{
	archiveVersion = 1;
	classes = {
	};
	objectVersion = 50;
	objects = {

/* Begin PBXBuildFile section */
		53F17A2B23E6879900C05DF1 /* AppDelegate.swift in Sources */ = {isa = PBXBuildFile; fileRef = 53F17A2A23E6879900C05DF1 /* AppDelegate.swift */; };
		53F17A2D23E6879900C05DF1 /* SceneDelegate.swift in Sources */ = {isa = PBXBuildFile; fileRef = 53F17A2C23E6879900C05DF1 /* SceneDelegate.swift */; };
		53F17A2F23E6879900C05DF1 /* ContentView.swift in Sources */ = {isa = PBXBuildFile; fileRef = 53F17A2E23E6879900C05DF1 /* ContentView.swift */; };
		53F17A3123E6879A00C05DF1 /* Assets.xcassets in Resources */ = {isa = PBXBuildFile; fileRef = 53F17A3023E6879A00C05DF1 /* Assets.xcassets */; };
		53F17A3423E6879A00C05DF1 /* Preview Assets.xcassets in Resources */ = {isa = PBXBuildFile; fileRef = 53F17A3323E6879A00C05DF1 /* Preview Assets.xcassets */; };
		53F17A3723E6879A00C05DF1 /* LaunchScreen.storyboard in Resources */ = {isa = PBXBuildFile; fileRef = 53F17A3523E6879A00C05DF1 /* LaunchScreen.storyboard */; };
/* End PBXBuildFile section */

/* Begin PBXFileReference section */
		53F17A2723E6879900C05DF1 /* Midd Rides.app */ = {isa = PBXFileReference; explicitFileType = wrapper.application; includeInIndex = 0; path = "Midd Rides.app"; sourceTree = BUILT_PRODUCTS_DIR; };
		53F17A2A23E6879900C05DF1 /* AppDelegate.swift */ = {isa = PBXFileReference; lastKnownFileType = sourcecode.swift; path = AppDelegate.swift; sourceTree = "<group>"; };
		53F17A2C23E6879900C05DF1 /* SceneDelegate.swift */ = {isa = PBXFileReference; lastKnownFileType = sourcecode.swift; path = SceneDelegate.swift; sourceTree = "<group>"; };
		53F17A2E23E6879900C05DF1 /* ContentView.swift */ = {isa = PBXFileReference; lastKnownFileType = sourcecode.swift; path = ContentView.swift; sourceTree = "<group>"; };
		53F17A3023E6879A00C05DF1 /* Assets.xcassets */ = {isa = PBXFileReference; lastKnownFileType = folder.assetcatalog; path = Assets.xcassets; sourceTree = "<group>"; };
		53F17A3323E6879A00C05DF1 /* Preview Assets.xcassets */ = {isa = PBXFileReference; lastKnownFileType = folder.assetcatalog; path = "Preview Assets.xcassets"; sourceTree = "<group>"; };
		53F17A3623E6879A00C05DF1 /* Base */ = {isa = PBXFileReference; lastKnownFileType = file.storyboard; name = Base; path = Base.lproj/LaunchScreen.storyboard; sourceTree = "<group>"; };
		53F17A3823E6879A00C05DF1 /* Info.plist */ = {isa = PBXFileReference; lastKnownFileType = text.plist.xml; path = Info.plist; sourceTree = "<group>"; };
/* End PBXFileReference section */

/* Begin PBXFrameworksBuildPhase section */
		53F17A2423E6879900C05DF1 /* Frameworks */ = {
			isa = PBXFrameworksBuildPhase;
			buildActionMask = 2147483647;
			files = (
			);
			runOnlyForDeploymentPostprocessing = 0;
		};
/* End PBXFrameworksBuildPhase section */

/* Begin PBXGroup section */
		53F17A1E23E6879900C05DF1 = {
			isa = PBXGroup;
			children = (
				53F17A2923E6879900C05DF1 /* Midd Rides */,
				53F17A2823E6879900C05DF1 /* Products */,
			);
			sourceTree = "<group>";
		};
		53F17A2823E6879900C05DF1 /* Products */ = {
			isa = PBXGroup;
			children = (
				53F17A2723E6879900C05DF1 /* Midd Rides.app */,
			);
			name = Products;
			sourceTree = "<group>";
		};
		53F17A2923E6879900C05DF1 /* Midd Rides */ = {
			isa = PBXGroup;
			children = (
				53F17A2A23E6879900C05DF1 /* AppDelegate.swift */,
				53F17A2C23E6879900C05DF1 /* SceneDelegate.swift */,
				53F17A2E23E6879900C05DF1 /* ContentView.swift */,
				53F17A3023E6879A00C05DF1 /* Assets.xcassets */,
				53F17A3523E6879A00C05DF1 /* LaunchScreen.storyboard */,
				53F17A3823E6879A00C05DF1 /* Info.plist */,
				53F17A3223E6879A00C05DF1 /* Preview Content */,
			);
			path = "Midd Rides";
			sourceTree = "<group>";
		};
		53F17A3223E6879A00C05DF1 /* Preview Content */ = {
			isa = PBXGroup;
			children = (
				53F17A3323E6879A00C05DF1 /* Preview Assets.xcassets */,
			);
			path = "Preview Content";
			sourceTree = "<group>";
		};
/* End PBXGroup section */

/* Begin PBXNativeTarget section */
		53F17A2623E6879900C05DF1 /* Midd Rides */ = {
			isa = PBXNativeTarget;
			buildConfigurationList = 53F17A3B23E6879A00C05DF1 /* Build configuration list for PBXNativeTarget "Midd Rides" */;
			buildPhases = (
				53F17A2323E6879900C05DF1 /* Sources */,
				53F17A2423E6879900C05DF1 /* Frameworks */,
				53F17A2523E6879900C05DF1 /* Resources */,
			);
			buildRules = (
			);
			dependencies = (
			);
			name = "Midd Rides";
			productName = "Midd Rides";
			productReference = 53F17A2723E6879900C05DF1 /* Midd Rides.app */;
			productType = "com.apple.product-type.application";
		};
/* End PBXNativeTarget section */

/* Begin PBXProject section */
		53F17A1F23E6879900C05DF1 /* Project object */ = {
			isa = PBXProject;
			attributes = {
				LastSwiftUpdateCheck = 1130;
				LastUpgradeCheck = 1130;
				ORGANIZATIONNAME = "SGA Tech";
				TargetAttributes = {
					53F17A2623E6879900C05DF1 = {
						CreatedOnToolsVersion = 11.3;
					};
				};
			};
			buildConfigurationList = 53F17A2223E6879900C05DF1 /* Build configuration list for PBXProject "Midd Rides" */;
			compatibilityVersion = "Xcode 9.3";
			developmentRegion = en;
			hasScannedForEncodings = 0;
			knownRegions = (
				en,
				Base,
			);
			mainGroup = 53F17A1E23E6879900C05DF1;
			productRefGroup = 53F17A2823E6879900C05DF1 /* Products */;
			projectDirPath = "";
			projectRoot = "";
			targets = (
				53F17A2623E6879900C05DF1 /* Midd Rides */,
			);
		};
/* End PBXProject section */

/* Begin PBXResourcesBuildPhase section */
		53F17A2523E6879900C05DF1 /* Resources */ = {
			isa = PBXResourcesBuildPhase;
			buildActionMask = 2147483647;
			files = (
				53F17A3723E6879A00C05DF1 /* LaunchScreen.storyboard in Resources */,
				53F17A3423E6879A00C05DF1 /* Preview Assets.xcassets in Resources */,
				53F17A3123E6879A00C05DF1 /* Assets.xcassets in Resources */,
			);
			runOnlyForDeploymentPostprocessing = 0;
		};
/* End PBXResourcesBuildPhase section */

/* Begin PBXSourcesBuildPhase section */
		53F17A2323E6879900C05DF1 /* Sources */ = {
			isa = PBXSourcesBuildPhase;
			buildActionMask = 2147483647;
			files = (
				53F17A2B23E6879900C05DF1 /* AppDelegate.swift in Sources */,
				53F17A2D23E6879900C05DF1 /* SceneDelegate.swift in Sources */,
				53F17A2F23E6879900C05DF1 /* ContentView.swift in Sources */,
			);
			runOnlyForDeploymentPostprocessing = 0;
		};
/* End PBXSourcesBuildPhase section */

/* Begin PBXVariantGroup section */
		53F17A3523E6879A00C05DF1 /* LaunchScreen.storyboard */ = {
			isa = PBXVariantGroup;
			children = (
				53F17A3623E6879A00C05DF1 /* Base */,
			);
			name = LaunchScreen.storyboard;
			sourceTree = "<group>";
		};
/* End PBXVariantGroup section */

/* Begin XCBuildConfiguration section */
		53F17A3923E6879A00C05DF1 /* Debug */ = {
			isa = XCBuildConfiguration;
			buildSettings = {
				ALWAYS_SEARCH_USER_PATHS = NO;
				CLANG_ANALYZER_NONNULL = YES;
				CLANG_ANALYZER_NUMBER_OBJECT_CONVERSION = YES_AGGRESSIVE;
				CLANG_CXX_LANGUAGE_STANDARD = "gnu++14";
				CLANG_CXX_LIBRARY = "libc++";
				CLANG_ENABLE_MODULES = YES;
				CLANG_ENABLE_OBJC_ARC = YES;
				CLANG_ENABLE_OBJC_WEAK = YES;
				CLANG_WARN_BLOCK_CAPTURE_AUTORELEASING = YES;
				CLANG_WARN_BOOL_CONVERSION = YES;
				CLANG_WARN_COMMA = YES;
				CLANG_WARN_CONSTANT_CONVERSION = YES;
				CLANG_WARN_DEPRECATED_OBJC_IMPLEMENTATIONS = YES;
				CLANG_WARN_DIRECT_OBJC_ISA_USAGE = YES_ERROR;
				CLANG_WARN_DOCUMENTATION_COMMENTS = YES;
				CLANG_WARN_EMPTY_BODY = YES;
				CLANG_WARN_ENUM_CONVERSION = YES;
				CLANG_WARN_INFINITE_RECURSION = YES;
				CLANG_WARN_INT_CONVERSION = YES;
				CLANG_WARN_NON_LITERAL_NULL_CONVERSION = YES;
				CLANG_WARN_OBJC_IMPLICIT_RETAIN_SELF = YES;
				CLANG_WARN_OBJC_LITERAL_CONVERSION = YES;
				CLANG_WARN_OBJC_ROOT_CLASS = YES_ERROR;
				CLANG_WARN_RANGE_LOOP_ANALYSIS = YES;
				CLANG_WARN_STRICT_PROTOTYPES = YES;
				CLANG_WARN_SUSPICIOUS_MOVE = YES;
				CLANG_WARN_UNGUARDED_AVAILABILITY = YES_AGGRESSIVE;
				CLANG_WARN_UNREACHABLE_CODE = YES;
				CLANG_WARN__DUPLICATE_METHOD_MATCH = YES;
				COPY_PHASE_STRIP = NO;
				DEBUG_INFORMATION_FORMAT = dwarf;
				ENABLE_STRICT_OBJC_MSGSEND = YES;
				ENABLE_TESTABILITY = YES;
				GCC_C_LANGUAGE_STANDARD = gnu11;
				GCC_DYNAMIC_NO_PIC = NO;
				GCC_NO_COMMON_BLOCKS = YES;
				GCC_OPTIMIZATION_LEVEL = 0;
				GCC_PREPROCESSOR_DEFINITIONS = (
					"DEBUG=1",
					"$(inherited)",
				);
				GCC_WARN_64_TO_32_BIT_CONVERSION = YES;
				GCC_WARN_ABOUT_RETURN_TYPE = YES_ERROR;
				GCC_WARN_UNDECLARED_SELECTOR = YES;
				GCC_WARN_UNINITIALIZED_AUTOS = YES_AGGRESSIVE;
				GCC_WARN_UNUSED_FUNCTION = YES;
				GCC_WARN_UNUSED_VARIABLE = YES;
				IPHONEOS_DEPLOYMENT_TARGET = 13.2;
				MTL_ENABLE_DEBUG_INFO = INCLUDE_SOURCE;
				MTL_FAST_MATH = YES;
				ONLY_ACTIVE_ARCH = YES;
				SDKROOT = iphoneos;
				SWIFT_ACTIVE_COMPILATION_CONDITIONS = DEBUG;
				SWIFT_OPTIMIZATION_LEVEL = "-Onone";
			};
			name = Debug;
		};
		53F17A3A23E6879A00C05DF1 /* Release */ = {
			isa = XCBuildConfiguration;
			buildSettings = {
				ALWAYS_SEARCH_USER_PATHS = NO;
				CLANG_ANALYZER_NONNULL = YES;
				CLANG_ANALYZER_NUMBER_OBJECT_CONVERSION = YES_AGGRESSIVE;
				CLANG_CXX_LANGUAGE_STANDARD = "gnu++14";
				CLANG_CXX_LIBRARY = "libc++";
				CLANG_ENABLE_MODULES = YES;
				CLANG_ENABLE_OBJC_ARC = YES;
				CLANG_ENABLE_OBJC_WEAK = YES;
				CLANG_WARN_BLOCK_CAPTURE_AUTORELEASING = YES;
				CLANG_WARN_BOOL_CONVERSION = YES;
				CLANG_WARN_COMMA = YES;
				CLANG_WARN_CONSTANT_CONVERSION = YES;
				CLANG_WARN_DEPRECATED_OBJC_IMPLEMENTATIONS = YES;
				CLANG_WARN_DIRECT_OBJC_ISA_USAGE = YES_ERROR;
				CLANG_WARN_DOCUMENTATION_COMMENTS = YES;
				CLANG_WARN_EMPTY_BODY = YES;
				CLANG_WARN_ENUM_CONVERSION = YES;
				CLANG_WARN_INFINITE_RECURSION = YES;
				CLANG_WARN_INT_CONVERSION = YES;
				CLANG_WARN_NON_LITERAL_NULL_CONVERSION = YES;
				CLANG_WARN_OBJC_IMPLICIT_RETAIN_SELF = YES;
				CLANG_WARN_OBJC_LITERAL_CONVERSION = YES;
				CLANG_WARN_OBJC_ROOT_CLASS = YES_ERROR;
				CLANG_WARN_RANGE_LOOP_ANALYSIS = YES;
				CLANG_WARN_STRICT_PROTOTYPES = YES;
				CLANG_WARN_SUSPICIOUS_MOVE = YES;
				CLANG_WARN_UNGUARDED_AVAILABILITY = YES_AGGRESSIVE;
				CLANG_WARN_UNREACHABLE_CODE = YES;
				CLANG_WARN__DUPLICATE_METHOD_MATCH = YES;
				COPY_PHASE_STRIP = NO;
				DEBUG_INFORMATION_FORMAT = "dwarf-with-dsym";
				ENABLE_NS_ASSERTIONS = NO;
				ENABLE_STRICT_OBJC_MSGSEND = YES;
				GCC_C_LANGUAGE_STANDARD = gnu11;
				GCC_NO_COMMON_BLOCKS = YES;
				GCC_WARN_64_TO_32_BIT_CONVERSION = YES;
				GCC_WARN_ABOUT_RETURN_TYPE = YES_ERROR;
				GCC_WARN_UNDECLARED_SELECTOR = YES;
				GCC_WARN_UNINITIALIZED_AUTOS = YES_AGGRESSIVE;
				GCC_WARN_UNUSED_FUNCTION = YES;
				GCC_WARN_UNUSED_VARIABLE = YES;
				IPHONEOS_DEPLOYMENT_TARGET = 13.2;
				MTL_ENABLE_DEBUG_INFO = NO;
				MTL_FAST_MATH = YES;
				SDKROOT = iphoneos;
				SWIFT_COMPILATION_MODE = wholemodule;
				SWIFT_OPTIMIZATION_LEVEL = "-O";
				VALIDATE_PRODUCT = YES;
			};
			name = Release;
		};
		53F17A3C23E6879A00C05DF1 /* Debug */ = {
			isa = XCBuildConfiguration;
			buildSettings = {
				ASSETCATALOG_COMPILER_APPICON_NAME = AppIcon;
				CODE_SIGN_STYLE = Automatic;
				DEVELOPMENT_ASSET_PATHS = "\"Midd Rides/Preview Content\"";
				DEVELOPMENT_TEAM = 6MZAF4SC3Y;
				ENABLE_PREVIEWS = YES;
				INFOPLIST_FILE = "Midd Rides/Info.plist";
				LD_RUNPATH_SEARCH_PATHS = (
					"$(inherited)",
					"@executable_path/Frameworks",
				);
				PRODUCT_BUNDLE_IDENTIFIER = "com.App.Midd-Rides";
				PRODUCT_NAME = "$(TARGET_NAME)";
				SWIFT_VERSION = 5.0;
				TARGETED_DEVICE_FAMILY = "1,2";
			};
			name = Debug;
		};
		53F17A3D23E6879A00C05DF1 /* Release */ = {
			isa = XCBuildConfiguration;
			buildSettings = {
				ASSETCATALOG_COMPILER_APPICON_NAME = AppIcon;
				CODE_SIGN_STYLE = Automatic;
				DEVELOPMENT_ASSET_PATHS = "\"Midd Rides/Preview Content\"";
				DEVELOPMENT_TEAM = 6MZAF4SC3Y;
				ENABLE_PREVIEWS = YES;
				INFOPLIST_FILE = "Midd Rides/Info.plist";
				LD_RUNPATH_SEARCH_PATHS = (
					"$(inherited)",
					"@executable_path/Frameworks",
				);
				PRODUCT_BUNDLE_IDENTIFIER = "com.App.Midd-Rides";
				PRODUCT_NAME = "$(TARGET_NAME)";
				SWIFT_VERSION = 5.0;
				TARGETED_DEVICE_FAMILY = "1,2";
			};
			name = Release;
		};
/* End XCBuildConfiguration section */

/* Begin XCConfigurationList section */
		53F17A2223E6879900C05DF1 /* Build configuration list for PBXProject "Midd Rides" */ = {
			isa = XCConfigurationList;
			buildConfigurations = (
				53F17A3923E6879A00C05DF1 /* Debug */,
				53F17A3A23E6879A00C05DF1 /* Release */,
			);
			defaultConfigurationIsVisible = 0;
			defaultConfigurationName = Release;
		};
		53F17A3B23E6879A00C05DF1 /* Build configuration list for PBXNativeTarget "Midd Rides" */ = {
			isa = XCConfigurationList;
			buildConfigurations = (
				53F17A3C23E6879A00C05DF1 /* Debug */,
				53F17A3D23E6879A00C05DF1 /* Release */,
			);
			defaultConfigurationIsVisible = 0;
			defaultConfigurationName = Release;
		};
/* End XCConfigurationList section */
	};
	rootObject = 53F17A1F23E6879900C05DF1 /* Project object */;
}
